
Microsoft Visual Studio Solution File, Format Version 12.00
# Visual Studio Version 16
VisualStudioVersion = 16.0.29009.5
MinimumVisualStudioVersion = 10.0.40219.1
Project("{FAE04EC0-301F-11D3-BF4B-00C04F79EFBC}") = "abilimpics", "abilimpics\abilimpics.csproj", "{0BAA8B2D-A910-4BDA-87A5-52A76B25FCF9}"
EndProject
Global
	GlobalSection(SolutionConfigurationPlatforms) = preSolution
		Debug|Any CPU = Debug|Any CPU
		Release|Any CPU = Release|Any CPU
	EndGlobalSection
	GlobalSection(ProjectConfigurationPlatforms) = postSolution
		{0BAA8B2D-A910-4BDA-87A5-52A76B25FCF9}.Debug|Any CPU.ActiveCfg = Debug|Any CPU
		{0BAA8B2D-A910-4BDA-87A5-52A76B25FCF9}.Debug|Any CPU.Build.0 = Debug|Any CPU
		{0BAA8B2D-A910-4BDA-87A5-52A76B25FCF9}.Release|Any CPU.ActiveCfg = Release|Any CPU
		{0BAA8B2D-A910-4BDA-87A5-52A76B25FCF9}.Release|Any CPU.Build.0 = Release|Any CPU
	EndGlobalSection
	GlobalSection(SolutionProperties) = preSolution
		HideSolutionNode = FALSE
	EndGlobalSection
	GlobalSection(ExtensibilityGlobals) = postSolution
		SolutionGuid = {ECFB2D90-B72F-4E42-AE38-6299EB96FEA5}
	EndGlobalSection
EndGlobal
